lockfileVersion: '6.0'

dependencies:
  '@aws-sdk/client-dynamodb':
    specifier: ^3.427.0
    version: 3.427.0
  '@graphql-tools/schema':
    specifier: ^10.0.0
    version: 10.0.0(graphql@16.8.1)
  electrodb:
    specifier: ^2.10.1
    version: 2.10.1(@aws-sdk/client-dynamodb@3.427.0)
  graphql:
    specifier: ^16.8.1
    version: 16.8.1
  graphql-yoga:
    specifier: 4.0.5
    version: 4.0.5(graphql@16.8.1)

devDependencies:
  '@types/node':
    specifier: 20.8.2
    version: 20.8.2
  cross-env:
    specifier: 7.0.3
    version: 7.0.3
  typescript:
    specifier: 5.2.2
    version: 5.2.2

packages:

  /@aws-crypto/crc32@3.0.0:
    resolution: {integrity: sha512-IzSgsrxUcsrejQbPVilIKy16kAT52EwB6zSaI+M3xxIhKh5+aldEyvI+z6erM7TCLB2BJsFrtHjp6/4/sr+3dA==}
    dependencies:
      '@aws-crypto/util': 3.0.0
      '@aws-sdk/types': 3.425.0
      tslib: 1.14.1
    dev: false

  /@aws-crypto/ie11-detection@3.0.0:
    resolution: {integrity: sha512-341lBBkiY1DfDNKai/wXM3aujNBkXR7tq1URPQDL9wi3AUbI80NR74uF1TXHMm7po1AcnFk8iu2S2IeU/+/A+Q==}
    dependencies:
      tslib: 1.14.1
    dev: false

  /@aws-crypto/sha256-browser@3.0.0:
    resolution: {integrity: sha512-8VLmW2B+gjFbU5uMeqtQM6Nj0/F1bro80xQXCW6CQBWgosFWXTx77aeOF5CAIAmbOK64SdMBJdNr6J41yP5mvQ==}
    dependencies:
      '@aws-crypto/ie11-detection': 3.0.0
      '@aws-crypto/sha256-js': 3.0.0
      '@aws-crypto/supports-web-crypto': 3.0.0
      '@aws-crypto/util': 3.0.0
      '@aws-sdk/types': 3.425.0
      '@aws-sdk/util-locate-window': 3.310.0
      '@aws-sdk/util-utf8-browser': 3.259.0
      tslib: 1.14.1
    dev: false

  /@aws-crypto/sha256-js@3.0.0:
    resolution: {integrity: sha512-PnNN7os0+yd1XvXAy23CFOmTbMaDxgxXtTKHybrJ39Y8kGzBATgBFibWJKH6BhytLI/Zyszs87xCOBNyBig6vQ==}
    dependencies:
      '@aws-crypto/util': 3.0.0
      '@aws-sdk/types': 3.425.0
      tslib: 1.14.1
    dev: false

  /@aws-crypto/supports-web-crypto@3.0.0:
    resolution: {integrity: sha512-06hBdMwUAb2WFTuGG73LSC0wfPu93xWwo5vL2et9eymgmu3Id5vFAHBbajVWiGhPO37qcsdCap/FqXvJGJWPIg==}
    dependencies:
      tslib: 1.14.1
    dev: false

  /@aws-crypto/util@3.0.0:
    resolution: {integrity: sha512-2OJlpeJpCR48CC8r+uKVChzs9Iungj9wkZrl8Z041DWEWvyIHILYKCPNzJghKsivj+S3mLo6BVc7mBNzdxA46w==}
    dependencies:
      '@aws-sdk/types': 3.425.0
      '@aws-sdk/util-utf8-browser': 3.259.0
      tslib: 1.14.1
    dev: false

  /@aws-sdk/client-dynamodb@3.427.0:
    resolution: {integrity: sha512-mE435f9oDZDXJA6/Ws+Z53D+U3lh64n6p1AYKOm1IsvAzEZx2/Xf1DBQnSyqwOpVgE2vi+j/vW7yWxMmEulZLw==}
    engines: {node: '>=14.0.0'}
    dependencies:
      '@aws-crypto/sha256-browser': 3.0.0
      '@aws-crypto/sha256-js': 3.0.0
      '@aws-sdk/client-sts': 3.427.0
      '@aws-sdk/credential-provider-node': 3.427.0
      '@aws-sdk/middleware-endpoint-discovery': 3.425.0
      '@aws-sdk/middleware-host-header': 3.425.0
      '@aws-sdk/middleware-logger': 3.425.0
      '@aws-sdk/middleware-recursion-detection': 3.425.0
      '@aws-sdk/middleware-signing': 3.425.0
      '@aws-sdk/middleware-user-agent': 3.427.0
      '@aws-sdk/region-config-resolver': 3.425.0
      '@aws-sdk/types': 3.425.0
      '@aws-sdk/util-endpoints': 3.427.0
      '@aws-sdk/util-user-agent-browser': 3.425.0
      '@aws-sdk/util-user-agent-node': 3.425.0
      '@smithy/config-resolver': 2.0.12
      '@smithy/fetch-http-handler': 2.2.1
      '@smithy/hash-node': 2.0.10
      '@smithy/invalid-dependency': 2.0.10
      '@smithy/middleware-content-length': 2.0.12
      '@smithy/middleware-endpoint': 2.0.10
      '@smithy/middleware-retry': 2.0.14
      '@smithy/middleware-serde': 2.0.10
      '@smithy/middleware-stack': 2.0.4
      '@smithy/node-config-provider': 2.0.14
      '@smithy/node-http-handler': 2.1.6
      '@smithy/protocol-http': 3.0.6
      '@smithy/smithy-client': 2.1.9
      '@smithy/types': 2.3.5
      '@smithy/url-parser': 2.0.10
      '@smithy/util-base64': 2.0.0
      '@smithy/util-body-length-browser': 2.0.0
      '@smithy/util-body-length-node': 2.1.0
      '@smithy/util-defaults-mode-browser': 2.0.13
      '@smithy/util-defaults-mode-node': 2.0.16
      '@smithy/util-retry': 2.0.3
      '@smithy/util-utf8': 2.0.0
      '@smithy/util-waiter': 2.0.10
      tslib: 2.6.2
      uuid: 8.3.2
    transitivePeerDependencies:
      - aws-crt
    dev: false

  /@aws-sdk/client-sso@3.427.0:
    resolution: {integrity: sha512-sFVFEmsQ1rmgYO1SgrOTxE/MTKpeE4hpOkm1WqhLQK7Ij136vXpjCxjH1JYZiHiUzO1wr9t4ex4dlB5J3VS/Xg==}
    engines: {node: '>=14.0.0'}
    dependencies:
      '@aws-crypto/sha256-browser': 3.0.0
      '@aws-crypto/sha256-js': 3.0.0
      '@aws-sdk/middleware-host-header': 3.425.0
      '@aws-sdk/middleware-logger': 3.425.0
      '@aws-sdk/middleware-recursion-detection': 3.425.0
      '@aws-sdk/middleware-user-agent': 3.427.0
      '@aws-sdk/region-config-resolver': 3.425.0
      '@aws-sdk/types': 3.425.0
      '@aws-sdk/util-endpoints': 3.427.0
      '@aws-sdk/util-user-agent-browser': 3.425.0
      '@aws-sdk/util-user-agent-node': 3.425.0
      '@smithy/config-resolver': 2.0.12
      '@smithy/fetch-http-handler': 2.2.1
      '@smithy/hash-node': 2.0.10
      '@smithy/invalid-dependency': 2.0.10
      '@smithy/middleware-content-length': 2.0.12
      '@smithy/middleware-endpoint': 2.0.10
      '@smithy/middleware-retry': 2.0.14
      '@smithy/middleware-serde': 2.0.10
      '@smithy/middleware-stack': 2.0.4
      '@smithy/node-config-provider': 2.0.14
      '@smithy/node-http-handler': 2.1.6
      '@smithy/protocol-http': 3.0.6
      '@smithy/smithy-client': 2.1.9
      '@smithy/types': 2.3.5
      '@smithy/url-parser': 2.0.10
      '@smithy/util-base64': 2.0.0
      '@smithy/util-body-length-browser': 2.0.0
      '@smithy/util-body-length-node': 2.1.0
      '@smithy/util-defaults-mode-browser': 2.0.13
      '@smithy/util-defaults-mode-node': 2.0.16
      '@smithy/util-retry': 2.0.3
      '@smithy/util-utf8': 2.0.0
      tslib: 2.6.2
    transitivePeerDependencies:
      - aws-crt
    dev: false

  /@aws-sdk/client-sts@3.427.0:
    resolution: {integrity: sha512-le2wLJKILyWuRfPz2HbyaNtu5kEki+ojUkTqCU6FPDRrqUvEkaaCBH9Awo/2AtrCfRkiobop8RuTTj6cAnpiJg==}
    engines: {node: '>=14.0.0'}
    dependencies:
      '@aws-crypto/sha256-browser': 3.0.0
      '@aws-crypto/sha256-js': 3.0.0
      '@aws-sdk/credential-provider-node': 3.427.0
      '@aws-sdk/middleware-host-header': 3.425.0
      '@aws-sdk/middleware-logger': 3.425.0
      '@aws-sdk/middleware-recursion-detection': 3.425.0
      '@aws-sdk/middleware-sdk-sts': 3.425.0
      '@aws-sdk/middleware-signing': 3.425.0
      '@aws-sdk/middleware-user-agent': 3.427.0
      '@aws-sdk/region-config-resolver': 3.425.0
      '@aws-sdk/types': 3.425.0
      '@aws-sdk/util-endpoints': 3.427.0
      '@aws-sdk/util-user-agent-browser': 3.425.0
      '@aws-sdk/util-user-agent-node': 3.425.0
      '@smithy/config-resolver': 2.0.12
      '@smithy/fetch-http-handler': 2.2.1
      '@smithy/hash-node': 2.0.10
      '@smithy/invalid-dependency': 2.0.10
      '@smithy/middleware-content-length': 2.0.12
      '@smithy/middleware-endpoint': 2.0.10
      '@smithy/middleware-retry': 2.0.14
      '@smithy/middleware-serde': 2.0.10
      '@smithy/middleware-stack': 2.0.4
      '@smithy/node-config-provider': 2.0.14
      '@smithy/node-http-handler': 2.1.6
      '@smithy/protocol-http': 3.0.6
      '@smithy/smithy-client': 2.1.9
      '@smithy/types': 2.3.5
      '@smithy/url-parser': 2.0.10
      '@smithy/util-base64': 2.0.0
      '@smithy/util-body-length-browser': 2.0.0
      '@smithy/util-body-length-node': 2.1.0
      '@smithy/util-defaults-mode-browser': 2.0.13
      '@smithy/util-defaults-mode-node': 2.0.16
      '@smithy/util-retry': 2.0.3
      '@smithy/util-utf8': 2.0.0
      fast-xml-parser: 4.2.5
      tslib: 2.6.2
    transitivePeerDependencies:
      - aws-crt
    dev: false

  /@aws-sdk/credential-provider-env@3.425.0:
    resolution: {integrity: sha512-J20etnLvMKXRVi5FK4F8yOCNm2RTaQn5psQTGdDEPWJNGxohcSpzzls8U2KcMyUJ+vItlrThr4qwgpHG3i/N0w==}
    engines: {node: '>=14.0.0'}
    dependencies:
      '@aws-sdk/types': 3.425.0
      '@smithy/property-provider': 2.0.11
      '@smithy/types': 2.3.5
      tslib: 2.6.2
    dev: false

  /@aws-sdk/credential-provider-ini@3.427.0:
    resolution: {integrity: sha512-NmH1cO/w98CKMltYec3IrJIIco19wRjATFNiw83c+FGXZ+InJwReqBnruxIOmKTx2KDzd6fwU1HOewS7UjaaaQ==}
    engines: {node: '>=14.0.0'}
    dependencies:
      '@aws-sdk/credential-provider-env': 3.425.0
      '@aws-sdk/credential-provider-process': 3.425.0
      '@aws-sdk/credential-provider-sso': 3.427.0
      '@aws-sdk/credential-provider-web-identity': 3.425.0
      '@aws-sdk/types': 3.425.0
      '@smithy/credential-provider-imds': 2.0.14
      '@smithy/property-provider': 2.0.11
      '@smithy/shared-ini-file-loader': 2.0.13
      '@smithy/types': 2.3.5
      tslib: 2.6.2
    transitivePeerDependencies:
      - aws-crt
    dev: false

  /@aws-sdk/credential-provider-node@3.427.0:
    resolution: {integrity: sha512-wYYbQ57nKL8OfgRbl8k6uXcdnYml+p3LSSfDUAuUEp1HKlQ8lOXFJ3BdLr5qrk7LhpyppSRnWBmh2c3kWa7ANQ==}
    engines: {node: '>=14.0.0'}
    dependencies:
      '@aws-sdk/credential-provider-env': 3.425.0
      '@aws-sdk/credential-provider-ini': 3.427.0
      '@aws-sdk/credential-provider-process': 3.425.0
      '@aws-sdk/credential-provider-sso': 3.427.0
      '@aws-sdk/credential-provider-web-identity': 3.425.0
      '@aws-sdk/types': 3.425.0
      '@smithy/credential-provider-imds': 2.0.14
      '@smithy/property-provider': 2.0.11
      '@smithy/shared-ini-file-loader': 2.0.13
      '@smithy/types': 2.3.5
      tslib: 2.6.2
    transitivePeerDependencies:
      - aws-crt
    dev: false

  /@aws-sdk/credential-provider-process@3.425.0:
    resolution: {integrity: sha512-YY6tkLdvtb1Fgofp3b1UWO+5vwS14LJ/smGmuGpSba0V7gFJRdcrJ9bcb9vVgAGuMdjzRJ+bUKlLLtqXkaykEw==}
    engines: {node: '>=14.0.0'}
    dependencies:
      '@aws-sdk/types': 3.425.0
      '@smithy/property-provider': 2.0.11
      '@smithy/shared-ini-file-loader': 2.0.13
      '@smithy/types': 2.3.5
      tslib: 2.6.2
    dev: false

  /@aws-sdk/credential-provider-sso@3.427.0:
    resolution: {integrity: sha512-c+tXyS/i49erHs4bAp6vKNYeYlyQ0VNMBgoco0LCn1rL0REtHbfhWMnqDLF6c2n3yIWDOTrQu0D73Idnpy16eA==}
    engines: {node: '>=14.0.0'}
    dependencies:
      '@aws-sdk/client-sso': 3.427.0
      '@aws-sdk/token-providers': 3.427.0
      '@aws-sdk/types': 3.425.0
      '@smithy/property-provider': 2.0.11
      '@smithy/shared-ini-file-loader': 2.0.13
      '@smithy/types': 2.3.5
      tslib: 2.6.2
    transitivePeerDependencies:
      - aws-crt
    dev: false

  /@aws-sdk/credential-provider-web-identity@3.425.0:
    resolution: {integrity: sha512-/0R65TgRzL01JU3SzloivWNwdkbIhr06uY/F5pBHf/DynQqaspKNfdHn6AiozgSVDfwRHFjKBTUy6wvf3QFkuA==}
    engines: {node: '>=14.0.0'}
    dependencies:
      '@aws-sdk/types': 3.425.0
      '@smithy/property-provider': 2.0.11
      '@smithy/types': 2.3.5
      tslib: 2.6.2
    dev: false

  /@aws-sdk/endpoint-cache@3.310.0:
    resolution: {integrity: sha512-y3wipforet41EDTI0vnzxILqwAGll1KfI5qcdX9pXF/WF1f+3frcOtPiWtQEZQpy4czRogKm3BHo70QBYAZxlQ==}
    engines: {node: '>=14.0.0'}
    dependencies:
      mnemonist: 0.38.3
      tslib: 2.6.2
    dev: false

  /@aws-sdk/lib-dynamodb@3.425.0(@aws-sdk/client-dynamodb@3.427.0):
    resolution: {integrity: sha512-K+huMB19ItwDJOdco9s11bOMozs8F9dZKijUbv4r/Rja5eNT5ArNpdYXlvoaKTuk62X4oHJCuVIefHkmdDXT2w==}
    engines: {node: '>=14.0.0'}
    peerDependencies:
      '@aws-sdk/client-dynamodb': ^3.0.0
    dependencies:
      '@aws-sdk/client-dynamodb': 3.427.0
      '@aws-sdk/util-dynamodb': 3.425.0(@aws-sdk/client-dynamodb@3.427.0)
      tslib: 2.6.2
    dev: false

  /@aws-sdk/middleware-endpoint-discovery@3.425.0:
    resolution: {integrity: sha512-0hzxMUVWwJjLopLzGKih7q+GNJj7fmDmR3nq9ipUBEkDc4zK2Y1pS5bGLrOIpvD7aa5QYkMnd9x+Ao5TyqOPZg==}
    engines: {node: '>=14.0.0'}
    dependencies:
      '@aws-sdk/endpoint-cache': 3.310.0
      '@aws-sdk/types': 3.425.0
      '@smithy/node-config-provider': 2.0.14
      '@smithy/protocol-http': 3.0.6
      '@smithy/types': 2.3.5
      tslib: 2.6.2
    dev: false

  /@aws-sdk/middleware-host-header@3.425.0:
    resolution: {integrity: sha512-E5Gt41LObQ+cr8QnLthwsH3MtVSNXy1AKJMowDr85h0vzqA/FHUkgHyOGntgozzjXT5M0MaSRYxS0xwTR5D4Ew==}
    engines: {node: '>=14.0.0'}
    dependencies:
      '@aws-sdk/types': 3.425.0
      '@smithy/protocol-http': 3.0.6
      '@smithy/types': 2.3.5
      tslib: 2.6.2
    dev: false

  /@aws-sdk/middleware-logger@3.425.0:
    resolution: {integrity: sha512-INE9XWRXx2f4a/r2vOU0tAmgctVp7nEaEasemNtVBYhqbKLZvr9ndLBSgKGgJ8LIcXAoISipaMuFiqIGkFsm7A==}
    engines: {node: '>=14.0.0'}
    dependencies:
      '@aws-sdk/types': 3.425.0
      '@smithy/types': 2.3.5
      tslib: 2.6.2
    dev: false

  /@aws-sdk/middleware-recursion-detection@3.425.0:
    resolution: {integrity: sha512-77gnzJ5b91bgD75L/ugpOyerx6lR3oyS4080X1YI58EzdyBMkDrHM4FbMcY2RynETi3lwXCFzLRyZjWXY1mRlw==}
    engines: {node: '>=14.0.0'}
    dependencies:
      '@aws-sdk/types': 3.425.0
      '@smithy/protocol-http': 3.0.6
      '@smithy/types': 2.3.5
      tslib: 2.6.2
    dev: false

  /@aws-sdk/middleware-sdk-sts@3.425.0:
    resolution: {integrity: sha512-JFojrg76oKAoBknnr9EL5N2aJ1mRCtBqXoZYST58GSx8uYdFQ89qS65VNQ8JviBXzsrCNAn4vDhZ5Ch5E6TxGQ==}
    engines: {node: '>=14.0.0'}
    dependencies:
      '@aws-sdk/middleware-signing': 3.425.0
      '@aws-sdk/types': 3.425.0
      '@smithy/types': 2.3.5
      tslib: 2.6.2
    dev: false

  /@aws-sdk/middleware-signing@3.425.0:
    resolution: {integrity: sha512-ZpOfgJHk7ovQ0sSwg3tU4NxFOnz53lJlkJRf7S+wxQALHM0P2MJ6LYBrZaFMVsKiJxNIdZBXD6jclgHg72ZW6Q==}
    engines: {node: '>=14.0.0'}
    dependencies:
      '@aws-sdk/types': 3.425.0
      '@smithy/property-provider': 2.0.11
      '@smithy/protocol-http': 3.0.6
      '@smithy/signature-v4': 2.0.10
      '@smithy/types': 2.3.5
      '@smithy/util-middleware': 2.0.3
      tslib: 2.6.2
    dev: false

  /@aws-sdk/middleware-user-agent@3.427.0:
    resolution: {integrity: sha512-y9HxYsNvnA3KqDl8w1jHeCwz4P9CuBEtu/G+KYffLeAMBsMZmh4SIkFFCO9wE/dyYg6+yo07rYcnnIfy7WA0bw==}
    engines: {node: '>=14.0.0'}
    dependencies:
      '@aws-sdk/types': 3.425.0
      '@aws-sdk/util-endpoints': 3.427.0
      '@smithy/protocol-http': 3.0.6
      '@smithy/types': 2.3.5
      tslib: 2.6.2
    dev: false

  /@aws-sdk/region-config-resolver@3.425.0:
    resolution: {integrity: sha512-u7uv/iUOapIJdRgRkO3wnpYsUgV6ponsZJQgVg/8L+n+Vo5PQL5gAcIuAOwcYSKQPFaeK+KbmByI4SyOK203Vw==}
    engines: {node: '>=14.0.0'}
    dependencies:
      '@smithy/node-config-provider': 2.0.14
      '@smithy/types': 2.3.5
      '@smithy/util-config-provider': 2.0.0
      '@smithy/util-middleware': 2.0.3
      tslib: 2.6.2
    dev: false

  /@aws-sdk/token-providers@3.427.0:
    resolution: {integrity: sha512-4E5E+4p8lJ69PBY400dJXF06LUHYx5lkKzBEsYqWWhoZcoftrvi24ltIhUDoGVLkrLcTHZIWSdFAWSos4hXqeg==}
    engines: {node: '>=14.0.0'}
    dependencies:
      '@aws-crypto/sha256-browser': 3.0.0
      '@aws-crypto/sha256-js': 3.0.0
      '@aws-sdk/middleware-host-header': 3.425.0
      '@aws-sdk/middleware-logger': 3.425.0
      '@aws-sdk/middleware-recursion-detection': 3.425.0
      '@aws-sdk/middleware-user-agent': 3.427.0
      '@aws-sdk/types': 3.425.0
      '@aws-sdk/util-endpoints': 3.427.0
      '@aws-sdk/util-user-agent-browser': 3.425.0
      '@aws-sdk/util-user-agent-node': 3.425.0
      '@smithy/config-resolver': 2.0.12
      '@smithy/fetch-http-handler': 2.2.1
      '@smithy/hash-node': 2.0.10
      '@smithy/invalid-dependency': 2.0.10
      '@smithy/middleware-content-length': 2.0.12
      '@smithy/middleware-endpoint': 2.0.10
      '@smithy/middleware-retry': 2.0.14
      '@smithy/middleware-serde': 2.0.10
      '@smithy/middleware-stack': 2.0.4
      '@smithy/node-config-provider': 2.0.14
      '@smithy/node-http-handler': 2.1.6
      '@smithy/property-provider': 2.0.11
      '@smithy/protocol-http': 3.0.6
      '@smithy/shared-ini-file-loader': 2.0.13
      '@smithy/smithy-client': 2.1.9
      '@smithy/types': 2.3.5
      '@smithy/url-parser': 2.0.10
      '@smithy/util-base64': 2.0.0
      '@smithy/util-body-length-browser': 2.0.0
      '@smithy/util-body-length-node': 2.1.0
      '@smithy/util-defaults-mode-browser': 2.0.13
      '@smithy/util-defaults-mode-node': 2.0.16
      '@smithy/util-retry': 2.0.3
      '@smithy/util-utf8': 2.0.0
      tslib: 2.6.2
    transitivePeerDependencies:
      - aws-crt
    dev: false

  /@aws-sdk/types@3.425.0:
    resolution: {integrity: sha512-6lqbmorwerN4v+J5dqbHPAsjynI0mkEF+blf+69QTaKKGaxBBVaXgqoqul9RXYcK5MMrrYRbQIMd0zYOoy90kA==}
    engines: {node: '>=14.0.0'}
    dependencies:
      '@smithy/types': 2.3.5
      tslib: 2.6.2
    dev: false

  /@aws-sdk/util-dynamodb@3.425.0(@aws-sdk/client-dynamodb@3.427.0):
    resolution: {integrity: sha512-nxzFZ+XdH19GQKv+D/73dzd9KYzPrrM2yafUAff37lQ2oFImbvjuizJIPO/MgOhk55SP7miSiSTcr4LO/YKeDg==}
    engines: {node: '>=14.0.0'}
    peerDependencies:
      '@aws-sdk/client-dynamodb': ^3.0.0
    dependencies:
      '@aws-sdk/client-dynamodb': 3.427.0
      tslib: 2.6.2
    dev: false

  /@aws-sdk/util-endpoints@3.427.0:
    resolution: {integrity: sha512-rSyiAIFF/EVvity/+LWUqoTMJ0a25RAc9iqx0WZ4tf1UjuEXRRXxZEb+jEZg1bk+pY84gdLdx9z5E+MSJCZxNQ==}
    engines: {node: '>=14.0.0'}
    dependencies:
      '@aws-sdk/types': 3.425.0
      '@smithy/node-config-provider': 2.0.14
      tslib: 2.6.2
    dev: false

  /@aws-sdk/util-locate-window@3.310.0:
    resolution: {integrity: sha512-qo2t/vBTnoXpjKxlsC2e1gBrRm80M3bId27r0BRB2VniSSe7bL1mmzM+/HFtujm0iAxtPM+aLEflLJlJeDPg0w==}
    engines: {node: '>=14.0.0'}
    dependencies:
      tslib: 2.6.2
    dev: false

  /@aws-sdk/util-user-agent-browser@3.425.0:
    resolution: {integrity: sha512-22Y9iMtjGcFjGILR6/xdp1qRezlHVLyXtnpEsbuPTiernRCPk6zfAnK/ATH77r02MUjU057tdxVkd5umUBTn9Q==}
    dependencies:
      '@aws-sdk/types': 3.425.0
      '@smithy/types': 2.3.5
      bowser: 2.11.0
      tslib: 2.6.2
    dev: false

  /@aws-sdk/util-user-agent-node@3.425.0:
    resolution: {integrity: sha512-SIR4F5uQeeVAi8lv4OgRirtdtNi5zeyogTuQgGi9su8F/WP1N6JqxofcwpUY5f8/oJ2UlXr/tx1f09UHfJJzvA==}
    engines: {node: '>=14.0.0'}
    peerDependencies:
      aws-crt: '>=1.0.0'
    peerDependenciesMeta:
      aws-crt:
        optional: true
    dependencies:
      '@aws-sdk/types': 3.425.0
      '@smithy/node-config-provider': 2.0.14
      '@smithy/types': 2.3.5
      tslib: 2.6.2
    dev: false

  /@aws-sdk/util-utf8-browser@3.259.0:
    resolution: {integrity: sha512-UvFa/vR+e19XookZF8RzFZBrw2EUkQWxiBW0yYQAhvk3C+QVGl0H3ouca8LDBlBfQKXwmW3huo/59H8rwb1wJw==}
    dependencies:
      tslib: 2.6.2
    dev: false

  /@envelop/core@4.0.3:
    resolution: {integrity: sha512-O0Vz8E0TObT6ijAob8jYFVJavcGywKThM3UAsxUIBBVPYZTMiqI9lo2gmAnbMUnrDcAYkUTZEW9FDYPRdF5l6g==}
    engines: {node: '>=16.0.0'}
    dependencies:
      '@envelop/types': 4.0.1
      tslib: 2.6.2
    dev: false

  /@envelop/types@4.0.1:
    resolution: {integrity: sha512-ULo27/doEsP7uUhm2iTnElx13qTO6I5FKvmLoX41cpfuw8x6e0NUFknoqhEsLzAbgz8xVS5mjwcxGCXh4lDYzg==}
    engines: {node: '>=16.0.0'}
    dependencies:
      tslib: 2.6.2
    dev: false

  /@graphql-tools/executor@1.2.0(graphql@16.8.1):
    resolution: {integrity: sha512-SKlIcMA71Dha5JnEWlw4XxcaJ+YupuXg0QCZgl2TOLFz4SkGCwU/geAsJvUJFwK2RbVLpQv/UMq67lOaBuwDtg==}
    engines: {node: '>=16.0.0'}
    peerDependencies:
      graphql: ^14.0.0 || ^15.0.0 || ^16.0.0 || ^17.0.0
    dependencies:
      '@graphql-tools/utils': 10.0.6(graphql@16.8.1)
      '@graphql-typed-document-node/core': 3.2.0(graphql@16.8.1)
      '@repeaterjs/repeater': 3.0.4
      graphql: 16.8.1
      tslib: 2.6.2
      value-or-promise: 1.0.12
    dev: false

  /@graphql-tools/merge@9.0.0(graphql@16.8.1):
    resolution: {integrity: sha512-J7/xqjkGTTwOJmaJQJ2C+VDBDOWJL3lKrHJN4yMaRLAJH3PosB7GiPRaSDZdErs0+F77sH2MKs2haMMkywzx7Q==}
    engines: {node: '>=16.0.0'}
    peerDependencies:
      graphql: ^14.0.0 || ^15.0.0 || ^16.0.0 || ^17.0.0
    dependencies:
      '@graphql-tools/utils': 10.0.6(graphql@16.8.1)
      graphql: 16.8.1
      tslib: 2.6.2
    dev: false

  /@graphql-tools/schema@10.0.0(graphql@16.8.1):
    resolution: {integrity: sha512-kf3qOXMFcMs2f/S8Y3A8fm/2w+GaHAkfr3Gnhh2LOug/JgpY/ywgFVxO3jOeSpSEdoYcDKLcXVjMigNbY4AdQg==}
    engines: {node: '>=16.0.0'}
    peerDependencies:
      graphql: ^14.0.0 || ^15.0.0 || ^16.0.0 || ^17.0.0
    dependencies:
      '@graphql-tools/merge': 9.0.0(graphql@16.8.1)
      '@graphql-tools/utils': 10.0.6(graphql@16.8.1)
      graphql: 16.8.1
      tslib: 2.6.2
      value-or-promise: 1.0.12
    dev: false

  /@graphql-tools/utils@10.0.6(graphql@16.8.1):
    resolution: {integrity: sha512-hZMjl/BbX10iagovakgf3IiqArx8TPsotq5pwBld37uIX1JiZoSbgbCIFol7u55bh32o6cfDEiiJgfAD5fbeyQ==}
    engines: {node: '>=16.0.0'}
    peerDependencies:
      graphql: ^14.0.0 || ^15.0.0 || ^16.0.0 || ^17.0.0
    dependencies:
      '@graphql-typed-document-node/core': 3.2.0(graphql@16.8.1)
      dset: 3.1.2
      graphql: 16.8.1
      tslib: 2.6.2
    dev: false

  /@graphql-typed-document-node/core@3.2.0(graphql@16.8.1):
    resolution: {integrity: sha512-mB9oAsNCm9aM3/SOv4YtBMqZbYj10R7dkq8byBqxGY/ncFwhf2oQzMV+LCRlWoDSEBJ3COiR1yeDvMtsoOsuFQ==}
    peerDependencies:
      graphql: ^0.8.0 || ^0.9.0 || ^0.10.0 || ^0.11.0 || ^0.12.0 || ^0.13.0 || ^14.0.0 || ^15.0.0 || ^16.0.0 || ^17.0.0
    dependencies:
      graphql: 16.8.1
    dev: false

  /@graphql-yoga/logger@1.0.0:
    resolution: {integrity: sha512-JYoxwnPggH2BfO+dWlWZkDeFhyFZqaTRGLvFhy+Pjp2UxitEW6nDrw+pEDw/K9tJwMjIFMmTT9VfTqrnESmBHg==}
    engines: {node: '>=16.0.0'}
    dependencies:
      tslib: 2.6.2
    dev: false

  /@graphql-yoga/subscription@4.0.0:
    resolution: {integrity: sha512-0qsN/BPPZNMoC2CZ8i+P6PgiJyHh1H35aKDt37qARBDaIOKDQuvEOq7+4txUKElcmXi7DYFo109FkhSQoEajrg==}
    engines: {node: '>=16.0.0'}
    dependencies:
      '@graphql-yoga/typed-event-target': 2.0.0
      '@repeaterjs/repeater': 3.0.4
      '@whatwg-node/events': 0.1.1
      tslib: 2.6.2
    dev: false

  /@graphql-yoga/typed-event-target@2.0.0:
    resolution: {integrity: sha512-oA/VGxGmaSDym1glOHrltw43qZsFwLLjBwvh57B79UKX/vo3+UQcRgOyE44c5RP7DCYjkrC2tuArZmb6jCzysw==}
    engines: {node: '>=16.0.0'}
    dependencies:
      '@repeaterjs/repeater': 3.0.4
      tslib: 2.6.2
    dev: false

  /@repeaterjs/repeater@3.0.4:
    resolution: {integrity: sha512-AW8PKd6iX3vAZ0vA43nOUOnbq/X5ihgU+mSXXqunMkeQADGiqw/PY0JNeYtD5sr0PAy51YPgAPbDoeapv9r8WA==}
    dev: false

  /@smithy/abort-controller@2.0.10:
    resolution: {integrity: sha512-xn7PnFD3m4rQIG00h1lPuDVnC2QMtTFhzRLX3y56KkgFaCysS7vpNevNBgmNUtmJ4eVFc+66Zucwo2KDLdicOg==}
    engines: {node: '>=14.0.0'}
    dependencies:
      '@smithy/types': 2.3.5
      tslib: 2.6.2
    dev: false

  /@smithy/config-resolver@2.0.12:
    resolution: {integrity: sha512-ISGEdQTGV2p5x9UZzb9SX3Y2MySLi5r69+UtDgB4KvJitV+ys1ONKpsLshi22bvQTy1yAgfLjOj33K7mSJakpQ==}
    engines: {node: '>=14.0.0'}
    dependencies:
      '@smithy/node-config-provider': 2.0.14
      '@smithy/types': 2.3.4
      '@smithy/util-config-provider': 2.0.0
      '@smithy/util-middleware': 2.0.3
      tslib: 2.6.2
    dev: false

  /@smithy/credential-provider-imds@2.0.14:
    resolution: {integrity: sha512-9dPBDuudRnrRuyKXdS4cn8A8FAOVVIgc+j3qC86c5xYnZ9Ykr7WKIl53OTQsZlEsiHC73d93YCA89KVhvGIlJg==}
    engines: {node: '>=14.0.0'}
    dependencies:
      '@smithy/node-config-provider': 2.0.14
      '@smithy/property-provider': 2.0.11
      '@smithy/types': 2.3.5
      '@smithy/url-parser': 2.0.10
      tslib: 2.6.2
    dev: false

  /@smithy/eventstream-codec@2.0.10:
    resolution: {integrity: sha512-3SSDgX2nIsFwif6m+I4+ar4KDcZX463Noes8ekBgQHitULiWvaDZX8XqPaRQSQ4bl1vbeVXHklJfv66MnVO+lw==}
    dependencies:
      '@aws-crypto/crc32': 3.0.0
      '@smithy/types': 2.3.5
      '@smithy/util-hex-encoding': 2.0.0
      tslib: 2.6.2
    dev: false

  /@smithy/fetch-http-handler@2.2.1:
    resolution: {integrity: sha512-bXyM8PBAIKxVV++2ZSNBEposTDjFQ31XWOdHED+2hWMNvJHUoQqFbECg/uhcVOa6vHie2/UnzIZfXBSTpDBnEw==}
    dependencies:
      '@smithy/protocol-http': 3.0.6
      '@smithy/querystring-builder': 2.0.10
      '@smithy/types': 2.3.4
      '@smithy/util-base64': 2.0.0
      tslib: 2.6.2
    dev: false

  /@smithy/hash-node@2.0.10:
    resolution: {integrity: sha512-jSTf6uzPk/Vf+8aQ7tVXeHfjxe9wRXSCqIZcBymSDTf7/YrVxniBdpyN74iI8ZUOx/Pyagc81OK5FROLaEjbXQ==}
    engines: {node: '>=14.0.0'}
    dependencies:
      '@smithy/types': 2.3.5
      '@smithy/util-buffer-from': 2.0.0
      '@smithy/util-utf8': 2.0.0
      tslib: 2.6.2
    dev: false

  /@smithy/invalid-dependency@2.0.10:
    resolution: {integrity: sha512-zw9p/zsmJ2cFcW4KMz3CJoznlbRvEA6HG2mvEaX5eAca5dq4VGI2MwPDTfmteC/GsnURS4ogoMQ0p6aHM2SDVQ==}
    dependencies:
      '@smithy/types': 2.3.5
      tslib: 2.6.2
    dev: false

  /@smithy/is-array-buffer@2.0.0:
    resolution: {integrity: sha512-z3PjFjMyZNI98JFRJi/U0nGoLWMSJlDjAW4QUX2WNZLas5C0CmVV6LJ01JI0k90l7FvpmixjWxPFmENSClQ7ug==}
    engines: {node: '>=14.0.0'}
    dependencies:
      tslib: 2.6.2
    dev: false

  /@smithy/middleware-content-length@2.0.12:
    resolution: {integrity: sha512-QRhJTo5TjG7oF7np6yY4ZO9GDKFVzU/GtcqUqyEa96bLHE3yZHgNmsolOQ97pfxPHmFhH4vDP//PdpAIN3uI1Q==}
    engines: {node: '>=14.0.0'}
    dependencies:
      '@smithy/protocol-http': 3.0.6
      '@smithy/types': 2.3.5
      tslib: 2.6.2
    dev: false

  /@smithy/middleware-endpoint@2.0.10:
    resolution: {integrity: sha512-O6m4puZc16xfenotZUHL4bRlMrwf4gTp+0I5l954M5KNd3dOK18P+FA/IIUgnXF/dX6hlCUcJkBp7nAzwrePKA==}
    engines: {node: '>=14.0.0'}
    dependencies:
      '@smithy/middleware-serde': 2.0.10
      '@smithy/types': 2.3.5
      '@smithy/url-parser': 2.0.10
      '@smithy/util-middleware': 2.0.3
      tslib: 2.6.2
    dev: false

  /@smithy/middleware-retry@2.0.14:
    resolution: {integrity: sha512-+1zHIfRyRcTpWnI2z4H6qLKiHQR011JVekSCKDMADwDpRpGUFj+JdCLwu2yEPOPd3MwHLylHBKV03Oooe2PkZQ==}
    engines: {node: '>=14.0.0'}
    dependencies:
      '@smithy/node-config-provider': 2.0.14
      '@smithy/protocol-http': 3.0.6
      '@smithy/service-error-classification': 2.0.3
      '@smithy/types': 2.3.5
      '@smithy/util-middleware': 2.0.3
      '@smithy/util-retry': 2.0.3
      tslib: 2.6.2
      uuid: 8.3.2
    dev: false

  /@smithy/middleware-serde@2.0.10:
    resolution: {integrity: sha512-+A0AFqs768256H/BhVEsBF6HijFbVyAwYRVXY/izJFkTalVWJOp4JA0YdY0dpXQd+AlW0tzs+nMQCE1Ew+DcgQ==}
    engines: {node: '>=14.0.0'}
    dependencies:
      '@smithy/types': 2.3.5
      tslib: 2.6.2
    dev: false

  /@smithy/middleware-stack@2.0.4:
    resolution: {integrity: sha512-MW0KNKfh8ZGLagMZnxcLJWPNXoKqW6XV/st5NnCBmmA2e2JhrUjU0AJ5Ca/yjTyNEKs3xH7AQDwp1YmmpEpmQQ==}
    engines: {node: '>=14.0.0'}
    dependencies:
      '@smithy/types': 2.3.5
      tslib: 2.6.2
    dev: false

  /@smithy/node-config-provider@2.0.14:
    resolution: {integrity: sha512-DXn0NXmprmhcK81AgYoRct11If3Fvyd9U/T0Bu8ZId/XKho0SGTPahWHI1cZBtPZoiZVeXv3PZAzx6v8kw/0pw==}
    engines: {node: '>=14.0.0'}
    dependencies:
      '@smithy/property-provider': 2.0.11
      '@smithy/shared-ini-file-loader': 2.0.13
      '@smithy/types': 2.3.5
      tslib: 2.6.2
    dev: false

  /@smithy/node-http-handler@2.1.6:
    resolution: {integrity: sha512-NspvD3aCwiUNtoSTcVHz0RZz1tQ/SaRIe1KPF+r0mAdCZ9eWuhIeJT8ZNPYa1ITn7/Lgg64IyFjqPynZ8KnYQw==}
    engines: {node: '>=14.0.0'}
    dependencies:
      '@smithy/abort-controller': 2.0.10
      '@smithy/protocol-http': 3.0.6
      '@smithy/querystring-builder': 2.0.10
      '@smithy/types': 2.3.5
      tslib: 2.6.2
    dev: false

  /@smithy/property-provider@2.0.11:
    resolution: {integrity: sha512-kzuOadu6XvrnlF1iXofpKXYmo4oe19st9/DE8f5gHNaFepb4eTkR8gD8BSdTnNnv7lxfv6uOwZPg4VS6hemX1w==}
    engines: {node: '>=14.0.0'}
    dependencies:
      '@smithy/types': 2.3.5
      tslib: 2.6.2
    dev: false

  /@smithy/protocol-http@3.0.6:
    resolution: {integrity: sha512-F0jAZzwznMmHaggiZgc7YoS08eGpmLvhVktY/Taz6+OAOHfyIqWSDNgFqYR+WHW9z5fp2XvY4mEUrQgYMQ71jw==}
    engines: {node: '>=14.0.0'}
    dependencies:
      '@smithy/types': 2.3.5
      tslib: 2.6.2
    dev: false

  /@smithy/querystring-builder@2.0.10:
    resolution: {integrity: sha512-uujJGp8jzrrU1UHme8sUKEbawQTcTmUWsh8rbGXYD/lMwNLQ+9jQ9dMDWbbH9Hpoa9RER1BeL/38WzGrbpob2w==}
    engines: {node: '>=14.0.0'}
    dependencies:
      '@smithy/types': 2.3.5
      '@smithy/util-uri-escape': 2.0.0
      tslib: 2.6.2
    dev: false

  /@smithy/querystring-parser@2.0.10:
    resolution: {integrity: sha512-WSD4EU60Q8scacT5PIpx4Bahn6nWpt+MiYLcBkFt6fOj7AssrNeaNIU2Z0g40ftVmrwLcEOIKGX92ynbVDb3ZA==}
    engines: {node: '>=14.0.0'}
    dependencies:
      '@smithy/types': 2.3.5
      tslib: 2.6.2
    dev: false

  /@smithy/service-error-classification@2.0.3:
    resolution: {integrity: sha512-b+m4QCHXb7oKAkM/jHwHrl5gpqhFoMTHF643L0/vAEkegrcUWyh1UjyoHttuHcP5FnHVVy4EtpPtLkEYD+xMFw==}
    engines: {node: '>=14.0.0'}
    dependencies:
      '@smithy/types': 2.3.5
    dev: false

  /@smithy/shared-ini-file-loader@2.0.13:
    resolution: {integrity: sha512-r6BlDQdYgqDo5xuOOKbmhJD5jylg2Lm1Q1eXZ2mM1kg64GVQ0bHScELEb4W5jl+LEwrU9yNEly6c6ErtU3TJxw==}
    engines: {node: '>=14.0.0'}
    dependencies:
      '@smithy/types': 2.3.5
      tslib: 2.6.2
    dev: false

  /@smithy/signature-v4@2.0.10:
    resolution: {integrity: sha512-S6gcP4IXfO/VMswovrhxPpqvQvMal7ZRjM4NvblHSPpE5aNBYx67UkHFF3kg0hR3tJKqNpBGbxwq0gzpdHKLRA==}
    engines: {node: '>=14.0.0'}
    dependencies:
      '@smithy/eventstream-codec': 2.0.10
      '@smithy/is-array-buffer': 2.0.0
      '@smithy/types': 2.3.5
      '@smithy/util-hex-encoding': 2.0.0
      '@smithy/util-middleware': 2.0.3
      '@smithy/util-uri-escape': 2.0.0
      '@smithy/util-utf8': 2.0.0
      tslib: 2.6.2
    dev: false

  /@smithy/smithy-client@2.1.9:
    resolution: {integrity: sha512-HTicQSn/lOcXKJT+DKJ4YMu51S6PzbWsO8Z6Pwueo30mSoFKXg5P0BDkg2VCDqCVR0mtddM/F6hKhjW6YAV/yg==}
    engines: {node: '>=14.0.0'}
    dependencies:
      '@smithy/middleware-stack': 2.0.4
      '@smithy/types': 2.3.5
      '@smithy/util-stream': 2.0.14
      tslib: 2.6.2
    dev: false

  /@smithy/types@2.3.4:
    resolution: {integrity: sha512-D7xlM9FOMFyFw7YnMXn9dK2KuN6+JhnrZwVt1fWaIu8hCk5CigysweeIT/H/nCo4YV+s8/oqUdLfexbkPZtvqw==}
    engines: {node: '>=14.0.0'}
    dependencies:
      tslib: 2.6.2
    dev: false

  /@smithy/types@2.3.5:
    resolution: {integrity: sha512-ehyDt8M9hehyxrLQGoA1BGPou8Js1Ocoh5M0ngDhJMqbFmNK5N6Xhr9/ZExWkyIW8XcGkiMPq3ZUEE0ScrhbuQ==}
    engines: {node: '>=14.0.0'}
    dependencies:
      tslib: 2.6.2
    dev: false

  /@smithy/url-parser@2.0.10:
    resolution: {integrity: sha512-4TXQFGjHcqru8aH5VRB4dSnOFKCYNX6SR1Do6fwxZ+ExT2onLsh2W77cHpks7ma26W5jv6rI1u7d0+KX9F0aOw==}
    dependencies:
      '@smithy/querystring-parser': 2.0.10
      '@smithy/types': 2.3.5
      tslib: 2.6.2
    dev: false

  /@smithy/util-base64@2.0.0:
    resolution: {integrity: sha512-Zb1E4xx+m5Lud8bbeYi5FkcMJMnn+1WUnJF3qD7rAdXpaL7UjkFQLdmW5fHadoKbdHpwH9vSR8EyTJFHJs++tA==}
    engines: {node: '>=14.0.0'}
    dependencies:
      '@smithy/util-buffer-from': 2.0.0
      tslib: 2.6.2
    dev: false

  /@smithy/util-body-length-browser@2.0.0:
    resolution: {integrity: sha512-JdDuS4ircJt+FDnaQj88TzZY3+njZ6O+D3uakS32f2VNnDo3vyEuNdBOh/oFd8Df1zSZOuH1HEChk2AOYDezZg==}
    dependencies:
      tslib: 2.6.2
    dev: false

  /@smithy/util-body-length-node@2.1.0:
    resolution: {integrity: sha512-/li0/kj/y3fQ3vyzn36NTLGmUwAICb7Jbe/CsWCktW363gh1MOcpEcSO3mJ344Gv2dqz8YJCLQpb6hju/0qOWw==}
    engines: {node: '>=14.0.0'}
    dependencies:
      tslib: 2.6.2
    dev: false

  /@smithy/util-buffer-from@2.0.0:
    resolution: {integrity: sha512-/YNnLoHsR+4W4Vf2wL5lGv0ksg8Bmk3GEGxn2vEQt52AQaPSCuaO5PM5VM7lP1K9qHRKHwrPGktqVoAHKWHxzw==}
    engines: {node: '>=14.0.0'}
    dependencies:
      '@smithy/is-array-buffer': 2.0.0
      tslib: 2.6.2
    dev: false

  /@smithy/util-config-provider@2.0.0:
    resolution: {integrity: sha512-xCQ6UapcIWKxXHEU4Mcs2s7LcFQRiU3XEluM2WcCjjBtQkUN71Tb+ydGmJFPxMUrW/GWMgQEEGipLym4XG0jZg==}
    engines: {node: '>=14.0.0'}
    dependencies:
      tslib: 2.6.2
    dev: false

  /@smithy/util-defaults-mode-browser@2.0.13:
    resolution: {integrity: sha512-UmmOdUzaQjqdsl1EjbpEaQxM0VDFqTj6zDuI26/hXN7L/a1k1koTwkYpogHMvunDX3fjrQusg5gv1Td4UsGyog==}
    engines: {node: '>= 10.0.0'}
    dependencies:
      '@smithy/property-provider': 2.0.11
      '@smithy/smithy-client': 2.1.9
      '@smithy/types': 2.3.5
      bowser: 2.11.0
      tslib: 2.6.2
    dev: false

  /@smithy/util-defaults-mode-node@2.0.16:
    resolution: {integrity: sha512-HYNqSVTYNGzJsxuhWwiew3zcJ2cDi3ZHz3M0km8ma01AdMd0pYFIGaN24rkXvEOAZPZGRg+3+Wefc3zv8ApRkw==}
    engines: {node: '>= 10.0.0'}
    dependencies:
      '@smithy/config-resolver': 2.0.12
      '@smithy/credential-provider-imds': 2.0.14
      '@smithy/node-config-provider': 2.0.14
      '@smithy/property-provider': 2.0.11
      '@smithy/smithy-client': 2.1.9
      '@smithy/types': 2.3.5
      tslib: 2.6.2
    dev: false

  /@smithy/util-hex-encoding@2.0.0:
    resolution: {integrity: sha512-c5xY+NUnFqG6d7HFh1IFfrm3mGl29lC+vF+geHv4ToiuJCBmIfzx6IeHLg+OgRdPFKDXIw6pvi+p3CsscaMcMA==}
    engines: {node: '>=14.0.0'}
    dependencies:
      tslib: 2.6.2
    dev: false

  /@smithy/util-middleware@2.0.3:
    resolution: {integrity: sha512-+FOCFYOxd2HO7v/0hkFSETKf7FYQWa08wh/x/4KUeoVBnLR4juw8Qi+TTqZI6E2h5LkzD9uOaxC9lAjrpVzaaA==}
    engines: {node: '>=14.0.0'}
    dependencies:
      '@smithy/types': 2.3.5
      tslib: 2.6.2
    dev: false

  /@smithy/util-retry@2.0.3:
    resolution: {integrity: sha512-gw+czMnj82i+EaH7NL7XKkfX/ZKrCS2DIWwJFPKs76bMgkhf0y1C94Lybn7f8GkBI9lfIOUdPYtzm19zQOC8sw==}
    engines: {node: '>= 14.0.0'}
    dependencies:
      '@smithy/service-error-classification': 2.0.3
      '@smithy/types': 2.3.5
      tslib: 2.6.2
    dev: false

  /@smithy/util-stream@2.0.14:
    resolution: {integrity: sha512-XjvlDYe+9DieXhLf7p+EgkXwFtl34kHZcWfHnc5KaILbhyVfDLWuqKTFx6WwCFqb01iFIig8trGwExRIqqkBYg==}
    engines: {node: '>=14.0.0'}
    dependencies:
      '@smithy/fetch-http-handler': 2.2.1
      '@smithy/node-http-handler': 2.1.6
      '@smithy/types': 2.3.5
      '@smithy/util-base64': 2.0.0
      '@smithy/util-buffer-from': 2.0.0
      '@smithy/util-hex-encoding': 2.0.0
      '@smithy/util-utf8': 2.0.0
      tslib: 2.6.2
    dev: false

  /@smithy/util-uri-escape@2.0.0:
    resolution: {integrity: sha512-ebkxsqinSdEooQduuk9CbKcI+wheijxEb3utGXkCoYQkJnwTnLbH1JXGimJtUkQwNQbsbuYwG2+aFVyZf5TLaw==}
    engines: {node: '>=14.0.0'}
    dependencies:
      tslib: 2.6.2
    dev: false

  /@smithy/util-utf8@2.0.0:
    resolution: {integrity: sha512-rctU1VkziY84n5OXe3bPNpKR001ZCME2JCaBBFgtiM2hfKbHFudc/BkMuPab8hRbLd0j3vbnBTTZ1igBf0wgiQ==}
    engines: {node: '>=14.0.0'}
    dependencies:
      '@smithy/util-buffer-from': 2.0.0
      tslib: 2.6.2
    dev: false

  /@smithy/util-waiter@2.0.10:
    resolution: {integrity: sha512-yQjwWVrwYw+/f3hFQccE3zZF7lk6N6xtNcA6jvhWFYhnyKAm6B2mX8Gzftl0TbgoPUpzCvKYlvhaEpVtRpVfVw==}
    engines: {node: '>=14.0.0'}
    dependencies:
      '@smithy/abort-controller': 2.0.10
      '@smithy/types': 2.3.5
      tslib: 2.6.2
    dev: false

  /@types/node@20.8.2:
    resolution: {integrity: sha512-Vvycsc9FQdwhxE3y3DzeIxuEJbWGDsnrxvMADzTDF/lcdR9/K+AQIeAghTQsHtotg/q0j3WEOYS/jQgSdWue3w==}
    dev: true

  /@whatwg-node/events@0.1.1:
    resolution: {integrity: sha512-AyQEn5hIPV7Ze+xFoXVU3QTHXVbWPrzaOkxtENMPMuNL6VVHrp4hHfDt9nrQpjO7BgvuM95dMtkycX5M/DZR3w==}
    engines: {node: '>=16.0.0'}
    dev: false

  /@whatwg-node/fetch@0.9.13:
    resolution: {integrity: sha512-PPtMwhjtS96XROnSpowCQM85gCUG2m7AXZFw0PZlGbhzx2GK7f2iOXilfgIJ0uSlCuuGbOIzfouISkA7C4FJOw==}
    engines: {node: '>=16.0.0'}
    dependencies:
      '@whatwg-node/node-fetch': 0.4.19
      urlpattern-polyfill: 9.0.0
    dev: false

  /@whatwg-node/node-fetch@0.4.19:
    resolution: {integrity: sha512-AW7/m2AuweAoSXmESrYQr/KBafueScNbn2iNO0u6xFr2JZdPmYsSm5yvAXYk6yDLv+eDmSSKrf7JnFZ0CsJIdA==}
    engines: {node: '>=16.0.0'}
    dependencies:
      '@whatwg-node/events': 0.1.1
      busboy: 1.6.0
      fast-querystring: 1.1.2
      fast-url-parser: 1.1.3
      tslib: 2.6.2
    dev: false

  /@whatwg-node/server@0.9.14:
    resolution: {integrity: sha512-I8TT0NoCP+xThLBuGlU6dgq5wpExkphNMo2geZwQW0vAmEPtc3MNMZMIYqg5GyNmpv5Nf7fnxb8tVOIHbDvuDA==}
    engines: {node: '>=16.0.0'}
    dependencies:
      '@whatwg-node/fetch': 0.9.13
      tslib: 2.6.2
    dev: false

  /bowser@2.11.0:
    resolution: {integrity: sha512-AlcaJBi/pqqJBIQ8U9Mcpc9i8Aqxn88Skv5d+xBX006BY5u8N3mGLHa5Lgppa7L/HfwgwLgZ6NYs+Ag6uUmJRA==}
    dev: false

  /busboy@1.6.0:
    resolution: {integrity: sha512-8SFQbg/0hQ9xy3UNTB0YEnsNBbWfhf7RtnzpL7TkBiTBRfrQ9Fxcnz7VJsleJpyp6rVLvXiuORqjlHi5q+PYuA==}
    engines: {node: '>=10.16.0'}
    dependencies:
      streamsearch: 1.1.0
    dev: false

  /cross-env@7.0.3:
    resolution: {integrity: sha512-+/HKd6EgcQCJGh2PSjZuUitQBQynKor4wrFbRg4DtAgS1aWO+gU52xpH7M9ScGgXSYmAVS9bIJ8EzuaGw0oNAw==}
    engines: {node: '>=10.14', npm: '>=6', yarn: '>=1'}
    hasBin: true
    dependencies:
      cross-spawn: 7.0.3
    dev: true

  /cross-spawn@7.0.3:
    resolution: {integrity: sha512-iRDPJKUPVEND7dHPO8rkbOnPpyDygcDFtWjpeWNCgy8WP2rXcxXL8TskReQl6OrB2G7+UJrags1q15Fudc7G6w==}
    engines: {node: '>= 8'}
    dependencies:
      path-key: 3.1.1
      shebang-command: 2.0.0
      which: 2.0.2
    dev: true

  /dset@3.1.2:
    resolution: {integrity: sha512-g/M9sqy3oHe477Ar4voQxWtaPIFw1jTdKZuomOjhCcBx9nHUNn0pu6NopuFFrTh/TRZIKEj+76vLWFu9BNKk+Q==}
    engines: {node: '>=4'}
    dev: false

  /electrodb@2.10.1(@aws-sdk/client-dynamodb@3.427.0):
    resolution: {integrity: sha512-G2gLGwaN/WUcU3DuM2WrkDttQoq2CeJUMYkAy7ploaqUWFBGqBb4QeZ4TcaylAqBCI9aOp3NVJxquA4Gk3mL1Q==}
    dependencies:
      '@aws-sdk/lib-dynamodb': 3.425.0(@aws-sdk/client-dynamodb@3.427.0)
      jsonschema: 1.2.7
    transitivePeerDependencies:
      - '@aws-sdk/client-dynamodb'
    dev: false

  /fast-decode-uri-component@1.0.1:
    resolution: {integrity: sha512-WKgKWg5eUxvRZGwW8FvfbaH7AXSh2cL+3j5fMGzUMCxWBJ3dV3a7Wz8y2f/uQ0e3B6WmodD3oS54jTQ9HVTIIg==}
    dev: false

  /fast-querystring@1.1.2:
    resolution: {integrity: sha512-g6KuKWmFXc0fID8WWH0jit4g0AGBoJhCkJMb1RmbsSEUNvQ+ZC8D6CUZ+GtF8nMzSPXnhiePyyqqipzNNEnHjg==}
    dependencies:
      fast-decode-uri-component: 1.0.1
    dev: false

  /fast-url-parser@1.1.3:
    resolution: {integrity: sha512-5jOCVXADYNuRkKFzNJ0dCCewsZiYo0dz8QNYljkOpFC6r2U4OBmKtvm/Tsuh4w1YYdDqDb31a8TVhBJ2OJKdqQ==}
    dependencies:
      punycode: 1.4.1
    dev: false

  /fast-xml-parser@4.2.5:
    resolution: {integrity: sha512-B9/wizE4WngqQftFPmdaMYlXoJlJOYxGQOanC77fq9k8+Z0v5dDSVh+3glErdIROP//s/jgb7ZuxKfB8nVyo0g==}
    hasBin: true
    dependencies:
      strnum: 1.0.5
    dev: false

  /graphql-yoga@4.0.5(graphql@16.8.1):
    resolution: {integrity: sha512-vIbJU9QX5RP4PoxbMCHcfOlt/3EsC/0uLdAOlKaiUvlwJDTFCaIHo2X10vL4i/27Gw8g90ECIwm2YbmeLDwcqg==}
    engines: {node: '>=16.0.0'}
    peerDependencies:
      graphql: ^15.2.0 || ^16.0.0
    dependencies:
      '@envelop/core': 4.0.3
      '@graphql-tools/executor': 1.2.0(graphql@16.8.1)
      '@graphql-tools/schema': 10.0.0(graphql@16.8.1)
      '@graphql-tools/utils': 10.0.6(graphql@16.8.1)
      '@graphql-yoga/logger': 1.0.0
      '@graphql-yoga/subscription': 4.0.0
      '@whatwg-node/fetch': 0.9.13
      '@whatwg-node/server': 0.9.14
      dset: 3.1.2
      graphql: 16.8.1
      lru-cache: 10.0.1
      tslib: 2.6.2
    dev: false

  /graphql@16.8.1:
    resolution: {integrity: sha512-59LZHPdGZVh695Ud9lRzPBVTtlX9ZCV150Er2W43ro37wVof0ctenSaskPPjN7lVTIN8mSZt8PHUNKZuNQUuxw==}
    engines: {node: ^12.22.0 || ^14.16.0 || ^16.0.0 || >=17.0.0}
    dev: false

  /isexe@2.0.0:
    resolution: {integrity: sha512-RHxMLp9lnKHGHRng9QFhRCMbYAcVpn69smSGcq3f36xjgVVWThj4qqLbTLlq7Ssj8B+fIQ1EuCEGI2lKsyQeIw==}
    dev: true

  /jsonschema@1.2.7:
    resolution: {integrity: sha512-3dFMg9hmI9LdHag/BRIhMefCfbq1hicvYMy8YhZQorAdzOzWz7NjniSpn39yjpzUAMIWtGyyZuH2KNBloH7ZLw==}
    dev: false

  /lru-cache@10.0.1:
    resolution: {integrity: sha512-IJ4uwUTi2qCccrioU6g9g/5rvvVl13bsdczUUcqbciD9iLr095yj8DQKdObriEvuNSx325N1rV1O0sJFszx75g==}
    engines: {node: 14 || >=16.14}
    dev: false

  /mnemonist@0.38.3:
    resolution: {integrity: sha512-2K9QYubXx/NAjv4VLq1d1Ly8pWNC5L3BrixtdkyTegXWJIqY+zLNDhhX/A+ZwWt70tB1S8H4BE8FLYEFyNoOBw==}
    dependencies:
      obliterator: 1.6.1
    dev: false

  /obliterator@1.6.1:
    resolution: {integrity: sha512-9WXswnqINnnhOG/5SLimUlzuU1hFJUc8zkwyD59Sd+dPOMf05PmnYG/d6Q7HZ+KmgkZJa1PxRso6QdM3sTNHig==}
    dev: false

  /path-key@3.1.1:
    resolution: {integrity: sha512-ojmeN0qd+y0jszEtoY48r0Peq5dwMEkIlCOu6Q5f41lfkswXuKtYrhgoTpLnyIcHm24Uhqx+5Tqm2InSwLhE6Q==}
    engines: {node: '>=8'}
    dev: true

  /punycode@1.4.1:
    resolution: {integrity: sha512-jmYNElW7yvO7TV33CjSmvSiE2yco3bV2czu/OzDKdMNVZQWfxCblURLhf+47syQRBntjfLdd/H0egrzIG+oaFQ==}
    dev: false

  /shebang-command@2.0.0:
    resolution: {integrity: sha512-kHxr2zZpYtdmrN1qDjrrX/Z1rR1kG8Dx+gkpK1G4eXmvXswmcE1hTWBWYUzlraYw1/yZp6YuDY77YtvbN0dmDA==}
    engines: {node: '>=8'}
    dependencies:
      shebang-regex: 3.0.0
    dev: true

  /shebang-regex@3.0.0:
    resolution: {integrity: sha512-7++dFhtcx3353uBaq8DDR4NuxBetBzC7ZQOhmTQInHEd6bSrXdiEyzCvG07Z44UYdLShWUyXt5M/yhz8ekcb1A==}
    engines: {node: '>=8'}
    dev: true

  /streamsearch@1.1.0:
    resolution: {integrity: sha512-Mcc5wHehp9aXz1ax6bZUyY5afg9u2rv5cqQI3mRrYkGC8rW2hM02jWuwjtL++LS5qinSyhj2QfLyNsuc+VsExg==}
    engines: {node: '>=10.0.0'}
    dev: false

  /strnum@1.0.5:
    resolution: {integrity: sha512-J8bbNyKKXl5qYcR36TIO8W3mVGVHrmmxsd5PAItGkmyzwJvybiw2IVq5nqd0i4LSNSkB/sx9VHllbfFdr9k1JA==}
    dev: false

  /tslib@1.14.1:
    resolution: {integrity: sha512-Xni35NKzjgMrwevysHTCArtLDpPvye8zV/0E4EyYn43P7/7qvQwPh9BGkHewbMulVntbigmcT7rdX3BNo9wRJg==}
    dev: false

  /tslib@2.6.2:
    resolution: {integrity: sha512-AEYxH93jGFPn/a2iVAwW87VuUIkR1FVUKB77NwMF7nBTDkDrrT/Hpt/IrCJ0QXhW27jTBDcf5ZY7w6RiqTMw2Q==}
    dev: false

  /typescript@5.2.2:
    resolution: {integrity: sha512-mI4WrpHsbCIcwT9cF4FZvr80QUeKvsUsUvKDoR+X/7XHQH98xYD8YHZg7ANtz2GtZt/CBq2QJ0thkGJMHfqc1w==}
    engines: {node: '>=14.17'}
    hasBin: true
    dev: true

  /urlpattern-polyfill@9.0.0:
    resolution: {integrity: sha512-WHN8KDQblxd32odxeIgo83rdVDE2bvdkb86it7bMhYZwWKJz0+O0RK/eZiHYnM+zgt/U7hAHOlCQGfjjvSkw2g==}
    dev: false

  /uuid@8.3.2:
    resolution: {integrity: sha512-+NYs2QeMWy+GWFOEm9xnn6HCDp0l7QBD7ml8zLUmJ+93Q5NF0NocErnwkTkXVFNiX3/fpC6afS8Dhb/gz7R7eg==}
    hasBin: true
    dev: false

  /value-or-promise@1.0.12:
    resolution: {integrity: sha512-Z6Uz+TYwEqE7ZN50gwn+1LCVo9ZVrpxRPOhOLnncYkY1ZzOYtrX8Fwf/rFktZ8R5mJms6EZf5TqNOMeZmnPq9Q==}
    engines: {node: '>=12'}
    dev: false

  /which@2.0.2:
    resolution: {integrity: sha512-BLI3Tl1TW3Pvl70l3yq3Y64i+awpwXqsGBYWkkqMtnbXgrMD+yj7rhW0kuEDxzJaYXGjEW5ogapKNMEKNMjibA==}
    engines: {node: '>= 8'}
    hasBin: true
    dependencies:
      isexe: 2.0.0
    dev: true
